
Microsoft Visual Studio Solution File, Format Version 12.00
# Visual Studio 2012
Project("{8BC9CEB8-8B4A-11D0-8D11-00A0C91BC942}") = "TieGunner", "game01.vcxproj", "{F763C9D6-9DEE-4441-AC6A-A87AAD17587E}"
EndProject
Global
	GlobalSection(SolutionConfigurationPlatforms) = preSolution
		Debug|Win32 = Debug|Win32
		Release|Win32 = Release|Win32
	EndGlobalSection
	GlobalSection(ProjectConfigurationPlatforms) = postSolution
		{F763C9D6-9DEE-4441-AC6A-A87AAD17587E}.Debug|Win32.ActiveCfg = Debug|Win32
		{F763C9D6-9DEE-4441-AC6A-A87AAD17587E}.Debug|Win32.Build.0 = Debug|Win32
		{F763C9D6-9DEE-4441-AC6A-A87AAD17587E}.Release|Win32.ActiveCfg = Release|Win32
		{F763C9D6-9DEE-4441-AC6A-A87AAD17587E}.Release|Win32.Build.0 = Release|Win32
	EndGlobalSection
	GlobalSection(SolutionProperties) = preSolution
		HideSolutionNode = FALSE
	EndGlobalSection
EndGlobal
